
Microsoft Visual Studio Solution File, Format Version 12.00
# Visual Studio Version 17
VisualStudioVersion = 17.11.35222.181
MinimumVisualStudioVersion = 10.0.40219.1
Project("{FAE04EC0-301F-11D3-BF4B-00C04F79EFBC}") = "SocialNetwork", "SocialNetwork\SocialNetwork.csproj", "{4A776A6C-18D4-4790-BC99-017265BFCE85}"
EndProject
Global
	GlobalSection(SolutionConfigurationPlatforms) = preSolution
		Debug|Any CPU = Debug|Any CPU
		Release|Any CPU = Release|Any CPU
	EndGlobalSection
	GlobalSection(ProjectConfigurationPlatforms) = postSolution
		{4A776A6C-18D4-4790-BC99-017265BFCE85}.Debug|Any CPU.ActiveCfg = Debug|Any CPU
		{4A776A6C-18D4-4790-BC99-017265BFCE85}.Debug|Any CPU.Build.0 = Debug|Any CPU
		{4A776A6C-18D4-4790-BC99-017265BFCE85}.Release|Any CPU.ActiveCfg = Release|Any CPU
		{4A776A6C-18D4-4790-BC99-017265BFCE85}.Release|Any CPU.Build.0 = Release|Any CPU
	EndGlobalSection
	GlobalSection(SolutionProperties) = preSolution
		HideSolutionNode = FALSE
	EndGlobalSection
	GlobalSection(ExtensibilityGlobals) = postSolution
		SolutionGuid = {D2C88B03-8346-4C04-8569-EB4868AFC5F0}
	EndGlobalSection
EndGlobal
